
Microsoft Visual Studio Solution File, Format Version 12.00
# Visual Studio Version 16
VisualStudioVersion = 16.0.808.7
MinimumVisualStudioVersion = 10.0.40219.1
Project("{FAE04EC0-301F-11D3-BF4B-00C04F79EFBC}") = "SimUDuck", "src/SimUDuck.csproj", "{FD1B06DC-A157-481D-B2BD-ED73E5E79F3D}"
EndProject
Global
	GlobalSection(SolutionConfigurationPlatforms) = preSolution
		Debug|anycpu = Debug|anycpu
		Release|anycpu = Release|anycpu
	EndGlobalSection
	GlobalSection(ProjectConfigurationPlatforms) = postSolution
		{FD1B06DC-A157-481D-B2BD-ED73E5E79F3D}.Debug|anycpu.ActiveCfg = Debug|anycpu
		{FD1B06DC-A157-481D-B2BD-ED73E5E79F3D}.Debug|anycpu.Build.0 = Debug|anycpu
		{FD1B06DC-A157-481D-B2BD-ED73E5E79F3D}.Release|anycpu.ActiveCfg = Release|anycpu
		{FD1B06DC-A157-481D-B2BD-ED73E5E79F3D}.Release|anycpu.Build.0 = Release|anycpu
	EndGlobalSection
	GlobalSection(SolutionProperties) = preSolution
		HideSolutionNode = FALSE
	EndGlobalSection
	GlobalSection(ExtensibilityGlobals) = postSolution
		SolutionGuid = {343CF4AC-2CCF-4F1E-80CD-D8B77C4B9B3C}
	EndGlobalSection
EndGlobal
