
Microsoft Visual Studio Solution File, Format Version 12.00
# Visual Studio Version 16
VisualStudioVersion = 16.0.808.8
MinimumVisualStudioVersion = 10.0.40219.1
Project("{FAE04EC0-301F-11D3-BF4B-00C04F79EFBC}") = "ChocolateFactory", "src\ChocolateFactory.csproj", "{45A77150-1C1B-4016-A88A-529169C2DF64}"
EndProject
Global
	GlobalSection(SolutionConfigurationPlatforms) = preSolution
		Debug|anycpu = Debug|anycpu
		Release|anycpu = Release|anycpu
	EndGlobalSection
	GlobalSection(ProjectConfigurationPlatforms) = postSolution
		{45A77150-1C1B-4016-A88A-529169C2DF64}.Debug|anycpu.ActiveCfg = Debug|anycpu
		{45A77150-1C1B-4016-A88A-529169C2DF64}.Debug|anycpu.Build.0 = Debug|anycpu
		{45A77150-1C1B-4016-A88A-529169C2DF64}.Release|anycpu.ActiveCfg = Release|anycpu
		{45A77150-1C1B-4016-A88A-529169C2DF64}.Release|anycpu.Build.0 = Release|anycpu
	EndGlobalSection
	GlobalSection(SolutionProperties) = preSolution
		HideSolutionNode = FALSE
	EndGlobalSection
	GlobalSection(ExtensibilityGlobals) = postSolution
		SolutionGuid = {7BC33442-35C4-46B9-B5FD-E67A6D8098D6}
	EndGlobalSection
EndGlobal
