
Microsoft Visual Studio Solution File, Format Version 12.00
# Visual Studio Version 16
VisualStudioVersion = 16.0.808.9
MinimumVisualStudioVersion = 10.0.40219.1
Project("{FAE04EC0-301F-11D3-BF4B-00C04F79EFBC}") = "SimpleDuckAdapter", "src\SimpleDuckAdapter.csproj", "{071C6C9E-787B-4E21-9BB2-318F20A59A13}"
EndProject
Global
	GlobalSection(SolutionConfigurationPlatforms) = preSolution
		Debug|anycpu = Debug|anycpu
		Release|anycpu = Release|anycpu
	EndGlobalSection
	GlobalSection(ProjectConfigurationPlatforms) = postSolution
		{071C6C9E-787B-4E21-9BB2-318F20A59A13}.Debug|anycpu.ActiveCfg = Debug|anycpu
		{071C6C9E-787B-4E21-9BB2-318F20A59A13}.Debug|anycpu.Build.0 = Debug|anycpu
		{071C6C9E-787B-4E21-9BB2-318F20A59A13}.Release|anycpu.ActiveCfg = Release|anycpu
		{071C6C9E-787B-4E21-9BB2-318F20A59A13}.Release|anycpu.Build.0 = Release|anycpu
	EndGlobalSection
	GlobalSection(SolutionProperties) = preSolution
		HideSolutionNode = FALSE
	EndGlobalSection
	GlobalSection(ExtensibilityGlobals) = postSolution
		SolutionGuid = {DDC930B9-64D1-4AC1-9248-DD30A89D8535}
	EndGlobalSection
EndGlobal
