
Microsoft Visual Studio Solution File, Format Version 12.00
# Visual Studio Version 16
VisualStudioVersion = 16.0.808.9
MinimumVisualStudioVersion = 10.0.40219.1
Project("{FAE04EC0-301F-11D3-BF4B-00C04F79EFBC}") = "HouseMergePancakes", "src\HouseMergePancakes.csproj", "{61E8148C-4BB1-43ED-99A6-E1EDF6778FC0}"
EndProject
Global
	GlobalSection(SolutionConfigurationPlatforms) = preSolution
		Debug|anycpu = Debug|anycpu
		Release|anycpu = Release|anycpu
	EndGlobalSection
	GlobalSection(ProjectConfigurationPlatforms) = postSolution
		{61E8148C-4BB1-43ED-99A6-E1EDF6778FC0}.Debug|anycpu.ActiveCfg = Debug|anycpu
		{61E8148C-4BB1-43ED-99A6-E1EDF6778FC0}.Debug|anycpu.Build.0 = Debug|anycpu
		{61E8148C-4BB1-43ED-99A6-E1EDF6778FC0}.Release|anycpu.ActiveCfg = Release|anycpu
		{61E8148C-4BB1-43ED-99A6-E1EDF6778FC0}.Release|anycpu.Build.0 = Release|anycpu
	EndGlobalSection
	GlobalSection(SolutionProperties) = preSolution
		HideSolutionNode = FALSE
	EndGlobalSection
	GlobalSection(ExtensibilityGlobals) = postSolution
		SolutionGuid = {7AA2860C-90DD-4D58-B2A1-B2EBFBEFF433}
	EndGlobalSection
EndGlobal
