
Microsoft Visual Studio Solution File, Format Version 12.00
# Visual Studio Version 16
VisualStudioVersion = 16.0.808.10
MinimumVisualStudioVersion = 10.0.40219.1
Project("{FAE04EC0-301F-11D3-BF4B-00C04F79EFBC}") = "JawBreakers", "src\JawBreakers.csproj", "{D7C6E769-CE6B-491C-9606-AA09D6195C91}"
EndProject
Global
	GlobalSection(SolutionConfigurationPlatforms) = preSolution
		Debug|anycpu = Debug|anycpu
		Release|anycpu = Release|anycpu
	EndGlobalSection
	GlobalSection(ProjectConfigurationPlatforms) = postSolution
		{D7C6E769-CE6B-491C-9606-AA09D6195C91}.Debug|anycpu.ActiveCfg = Debug|anycpu
		{D7C6E769-CE6B-491C-9606-AA09D6195C91}.Debug|anycpu.Build.0 = Debug|anycpu
		{D7C6E769-CE6B-491C-9606-AA09D6195C91}.Release|anycpu.ActiveCfg = Release|anycpu
		{D7C6E769-CE6B-491C-9606-AA09D6195C91}.Release|anycpu.Build.0 = Release|anycpu
	EndGlobalSection
	GlobalSection(SolutionProperties) = preSolution
		HideSolutionNode = FALSE
	EndGlobalSection
	GlobalSection(ExtensibilityGlobals) = postSolution
		SolutionGuid = {09FF8B02-0713-44DE-9375-41E62C6CD9F2}
	EndGlobalSection
EndGlobal
